
Microsoft Visual Studio Solution File, Format Version 12.00
# Visual Studio 15
VisualStudioVersion = 15.0.27428.2043
MinimumVisualStudioVersion = 10.0.40219.1
Project("{8BC9CEB8-8B4A-11D0-8D11-00A0C91BC942}") = "vc11", "vc11\vc11.vcxproj", "{077129C3-3FD7-4A43-A603-EF0363D2950F}"
EndProject
Global
	GlobalSection(SolutionConfigurationPlatforms) = preSolution
		Debug|x64 = Debug|x64
		Debug|x86 = Debug|x86
		Release|x64 = Release|x64
		Release|x86 = Release|x86
	EndGlobalSection
	GlobalSection(ProjectConfigurationPlatforms) = postSolution
		{077129C3-3FD7-4A43-A603-EF0363D2950F}.Debug|x64.ActiveCfg = Debug|x64
		{077129C3-3FD7-4A43-A603-EF0363D2950F}.Debug|x64.Build.0 = Debug|x64
		{077129C3-3FD7-4A43-A603-EF0363D2950F}.Debug|x86.ActiveCfg = Debug|Win32
		{077129C3-3FD7-4A43-A603-EF0363D2950F}.Debug|x86.Build.0 = Debug|Win32
		{077129C3-3FD7-4A43-A603-EF0363D2950F}.Release|x64.ActiveCfg = Release|x64
		{077129C3-3FD7-4A43-A603-EF0363D2950F}.Release|x64.Build.0 = Release|x64
		{077129C3-3FD7-4A43-A603-EF0363D2950F}.Release|x86.ActiveCfg = Release|Win32
		{077129C3-3FD7-4A43-A603-EF0363D2950F}.Release|x86.Build.0 = Release|Win32
	EndGlobalSection
	GlobalSection(SolutionProperties) = preSolution
		HideSolutionNode = FALSE
	EndGlobalSection
	GlobalSection(ExtensibilityGlobals) = postSolution
		SolutionGuid = {B8BD7C17-FE93-45FB-9A3F-3900C061661F}
	EndGlobalSection
EndGlobal
